cloud.google.com/go v0.26.0/go.mod h1:aQUYkXzVsufM+DwF1aE+0xfcU+56JwCaLick0ClmMTw=
github.com/AndreasBriese/bbloom v0.0.0-20190306092124-e2d15f34fcf9/go.mod h1:bOvUY6CB00SOBii9/FifXqc0awNKxLFCL/+pkDPuyl8=
github.com/BurntSushi/toml v0.3.1 h1:WXkYYl6Yr3qBf1K79EBnL4mak0OimBfB0XUf9Vl28OQ=
github.com/BurntSushi/toml v0.3.1/go.mod h1:xHWCNGjB5oqiDr8zfno3MHue2Ht5sIBksp03qcyfWMU=
github.com/CloudyKit/fastprinter v0.0.0-20170127035650-74b38d55f37a/go.mod h1:EFZQ978U7x8IRnstaskI3IysnWY5Ao3QgZUKOXlsAdw=
github.com/Clo